{
  "name": "dsh-plugin-skin-workspace",
  "version": "0.0.0",
  "lockfileVersion": 3,
  "requires": true,
  "packages": {
    "": {
      "name": "dsh-plugin-skin-workspace",
      "version": "0.0.0",
      "license": "MIT",
      "workspaces": [
        "packages/liquid-glass",
        "meta"
      ]
    },
    "meta": {
      "name": "@fn-x/dsh-plugin-skin",
      "version": "1.0.0",
      "license": "MIT",
      "dependencies": {
        "@fn-x/dsh-plugin-liquid-glass": "^1.0.0"
      },
      "peerDependencies": {
        "dsh-ui-projects": "^0.1.0"
      },
      "peerDependenciesMeta": {
        "dsh-ui-projects": {
          "optional": true
        }
      }
    },
    "node_modules/@fn-x/dsh-plugin-liquid-glass": {
      "resolved": "packages/liquid-glass",
      "link": true
    },
    "node_modules/@fn-x/dsh-plugin-skin": {
      "resolved": "meta",
      "link": true
    },
    "packages/liquid-glass": {
      "name": "@fn-x/dsh-plugin-liquid-glass",
      "version": "1.0.0",
      "license": "MIT",
      "peerDependencies": {
        "dsh-ui-projects": "^0.1.0"
      },
      "peerDependenciesMeta": {
        "dsh-ui-projects": {
          "optional": true
        }
      }
    }
  }
}
